
Microsoft Visual Studio Solution File, Format Version 12.00
# Visual Studio Version 17
VisualStudioVersion = 17.8.34309.116
MinimumVisualStudioVersion = 10.0.40219.1
Project("{FAE04EC0-301F-11D3-BF4B-00C04F79EFBC}") = "LabExerExam", "LabExerExam\LabExerExam.csproj", "{84AA0E21-76E4-4578-9487-0C5E2B8AAFFA}"
EndProject
Global
	GlobalSection(SolutionConfigurationPlatforms) = preSolution
		Debug|Any CPU = Debug|Any CPU
		Release|Any CPU = Release|Any CPU
	EndGlobalSection
	GlobalSection(ProjectConfigurationPlatforms) = postSolution
		{84AA0E21-76E4-4578-9487-0C5E2B8AAFFA}.Debug|Any CPU.ActiveCfg = Debug|Any CPU
		{84AA0E21-76E4-4578-9487-0C5E2B8AAFFA}.Debug|Any CPU.Build.0 = Debug|Any CPU
		{84AA0E21-76E4-4578-9487-0C5E2B8AAFFA}.Release|Any CPU.ActiveCfg = Release|Any CPU
		{84AA0E21-76E4-4578-9487-0C5E2B8AAFFA}.Release|Any CPU.Build.0 = Release|Any CPU
	EndGlobalSection
	GlobalSection(SolutionProperties) = preSolution
		HideSolutionNode = FALSE
	EndGlobalSection
	GlobalSection(ExtensibilityGlobals) = postSolution
		SolutionGuid = {4865007F-F75F-4CD5-BDB1-6F8F49222B31}
	EndGlobalSection
EndGlobal
